
Microsoft Visual Studio Solution File, Format Version 12.00
# Visual Studio Version 17
VisualStudioVersion = 17.10.35122.118
MinimumVisualStudioVersion = 10.0.40219.1
Project("{8BC9CEB8-8B4A-11D0-8D11-00A0C91BC942}") = "1", "1\1.vcxproj", "{85907DD5-AFF0-4ACE-87EA-37FD236C1BEE}"
EndProject
Project("{8BC9CEB8-8B4A-11D0-8D11-00A0C91BC942}") = "2", "2\2.vcxproj", "{38D14F08-208D-48E8-A49C-E2DA41D71236}"
EndProject
Project("{8BC9CEB8-8B4A-11D0-8D11-00A0C91BC942}") = "3", "3\3.vcxproj", "{4962EFFD-1EB5-4340-8E3A-BF6524CFC7A9}"
EndProject
Project("{8BC9CEB8-8B4A-11D0-8D11-00A0C91BC942}") = "4", "4\4.vcxproj", "{259B42C5-EE30-49BB-A376-6C169A39CC06}"
EndProject
Project("{8BC9CEB8-8B4A-11D0-8D11-00A0C91BC942}") = "sgdsgd", "sgdsgd\sgdsgd.vcxproj", "{CA096BD4-1564-4B06-9905-E2D87EF33AB9}"
EndProject
Global
	GlobalSection(SolutionConfigurationPlatforms) = preSolution
		Debug|x64 = Debug|x64
		Debug|x86 = Debug|x86
		Release|x64 = Release|x64
		Release|x86 = Release|x86
	EndGlobalSection
	GlobalSection(ProjectConfigurationPlatforms) = postSolution
		{85907DD5-AFF0-4ACE-87EA-37FD236C1BEE}.Debug|x64.ActiveCfg = Debug|x64
		{85907DD5-AFF0-4ACE-87EA-37FD236C1BEE}.Debug|x64.Build.0 = Debug|x64
		{85907DD5-AFF0-4ACE-87EA-37FD236C1BEE}.Debug|x86.ActiveCfg = Debug|Win32
		{85907DD5-AFF0-4ACE-87EA-37FD236C1BEE}.Debug|x86.Build.0 = Debug|Win32
		{85907DD5-AFF0-4ACE-87EA-37FD236C1BEE}.Release|x64.ActiveCfg = Release|x64
		{85907DD5-AFF0-4ACE-87EA-37FD236C1BEE}.Release|x64.Build.0 = Release|x64
		{85907DD5-AFF0-4ACE-87EA-37FD236C1BEE}.Release|x86.ActiveCfg = Release|Win32
		{85907DD5-AFF0-4ACE-87EA-37FD236C1BEE}.Release|x86.Build.0 = Release|Win32
		{38D14F08-208D-48E8-A49C-E2DA41D71236}.Debug|x64.ActiveCfg = Debug|x64
		{38D14F08-208D-48E8-A49C-E2DA41D71236}.Debug|x64.Build.0 = Debug|x64
		{38D14F08-208D-48E8-A49C-E2DA41D71236}.Debug|x86.ActiveCfg = Debug|Win32
		{38D14F08-208D-48E8-A49C-E2DA41D71236}.Debug|x86.Build.0 = Debug|Win32
		{38D14F08-208D-48E8-A49C-E2DA41D71236}.Release|x64.ActiveCfg = Release|x64
		{38D14F08-208D-48E8-A49C-E2DA41D71236}.Release|x64.Build.0 = Release|x64
		{38D14F08-208D-48E8-A49C-E2DA41D71236}.Release|x86.ActiveCfg = Release|Win32
		{38D14F08-208D-48E8-A49C-E2DA41D71236}.Release|x86.Build.0 = Release|Win32
		{4962EFFD-1EB5-4340-8E3A-BF6524CFC7A9}.Debug|x64.ActiveCfg = Debug|x64
		{4962EFFD-1EB5-4340-8E3A-BF6524CFC7A9}.Debug|x64.Build.0 = Debug|x64
		{4962EFFD-1EB5-4340-8E3A-BF6524CFC7A9}.Debug|x86.ActiveCfg = Debug|Win32
		{4962EFFD-1EB5-4340-8E3A-BF6524CFC7A9}.Debug|x86.Build.0 = Debug|Win32
		{4962EFFD-1EB5-4340-8E3A-BF6524CFC7A9}.Release|x64.ActiveCfg = Release|x64
		{4962EFFD-1EB5-4340-8E3A-BF6524CFC7A9}.Release|x64.Build.0 = Release|x64
		{4962EFFD-1EB5-4340-8E3A-BF6524CFC7A9}.Release|x86.ActiveCfg = Release|Win32
		{4962EFFD-1EB5-4340-8E3A-BF6524CFC7A9}.Release|x86.Build.0 = Release|Win32
		{259B42C5-EE30-49BB-A376-6C169A39CC06}.Debug|x64.ActiveCfg = Debug|x64
		{259B42C5-EE30-49BB-A376-6C169A39CC06}.Debug|x64.Build.0 = Debug|x64
		{259B42C5-EE30-49BB-A376-6C169A39CC06}.Debug|x86.ActiveCfg = Debug|Win32
		{259B42C5-EE30-49BB-A376-6C169A39CC06}.Debug|x86.Build.0 = Debug|Win32
		{259B42C5-EE30-49BB-A376-6C169A39CC06}.Release|x64.ActiveCfg = Release|x64
		{259B42C5-EE30-49BB-A376-6C169A39CC06}.Release|x64.Build.0 = Release|x64
		{259B42C5-EE30-49BB-A376-6C169A39CC06}.Release|x86.ActiveCfg = Release|Win32
		{259B42C5-EE30-49BB-A376-6C169A39CC06}.Release|x86.Build.0 = Release|Win32
		{CA096BD4-1564-4B06-9905-E2D87EF33AB9}.Debug|x64.ActiveCfg = Debug|x64
		{CA096BD4-1564-4B06-9905-E2D87EF33AB9}.Debug|x64.Build.0 = Debug|x64
		{CA096BD4-1564-4B06-9905-E2D87EF33AB9}.Debug|x86.ActiveCfg = Debug|Win32
		{CA096BD4-1564-4B06-9905-E2D87EF33AB9}.Debug|x86.Build.0 = Debug|Win32
		{CA096BD4-1564-4B06-9905-E2D87EF33AB9}.Release|x64.ActiveCfg = Release|x64
		{CA096BD4-1564-4B06-9905-E2D87EF33AB9}.Release|x64.Build.0 = Release|x64
		{CA096BD4-1564-4B06-9905-E2D87EF33AB9}.Release|x86.ActiveCfg = Release|Win32
		{CA096BD4-1564-4B06-9905-E2D87EF33AB9}.Release|x86.Build.0 = Release|Win32
	EndGlobalSection
	GlobalSection(SolutionProperties) = preSolution
		HideSolutionNode = FALSE
	EndGlobalSection
	GlobalSection(ExtensibilityGlobals) = postSolution
		SolutionGuid = {098BB65E-5036-4172-82CD-784A9DF40711}
	EndGlobalSection
EndGlobal
