
Microsoft Visual Studio Solution File, Format Version 12.00
# Visual Studio Version 17
VisualStudioVersion = 17.10.35122.118
MinimumVisualStudioVersion = 10.0.40219.1
Project("{888888A0-9F3D-457C-B088-3A5042F75D52}") = "lab4", "lab4\lab4.pyproj", "{52A6D204-E325-401F-827D-B2AF18F9A28D}"
EndProject
Global
	GlobalSection(SolutionConfigurationPlatforms) = preSolution
		Debug|Any CPU = Debug|Any CPU
		Release|Any CPU = Release|Any CPU
	EndGlobalSection
	GlobalSection(ProjectConfigurationPlatforms) = postSolution
		{52A6D204-E325-401F-827D-B2AF18F9A28D}.Debug|Any CPU.ActiveCfg = Debug|Any CPU
		{52A6D204-E325-401F-827D-B2AF18F9A28D}.Release|Any CPU.ActiveCfg = Release|Any CPU
	EndGlobalSection
	GlobalSection(SolutionProperties) = preSolution
		HideSolutionNode = FALSE
	EndGlobalSection
	GlobalSection(ExtensibilityGlobals) = postSolution
		SolutionGuid = {60705AFD-6988-400E-819E-8B56EB6E22B1}
	EndGlobalSection
EndGlobal
