
Microsoft Visual Studio Solution File, Format Version 12.00
# Visual Studio Version 17
VisualStudioVersion = 17.10.35122.118
MinimumVisualStudioVersion = 10.0.40219.1
Project("{FAE04EC0-301F-11D3-BF4B-00C04F79EFBC}") = "lab2", "lab2\lab2.csproj", "{1C464820-966C-4D16-A280-256BBDC181E6}"
EndProject
Project("{FAE04EC0-301F-11D3-BF4B-00C04F79EFBC}") = "lab2-2", "lab2-2\lab2-2.csproj", "{01B82BF6-F869-426D-8A5B-D6AECD5A1E2F}"
EndProject
Global
	GlobalSection(SolutionConfigurationPlatforms) = preSolution
		Debug|Any CPU = Debug|Any CPU
		Release|Any CPU = Release|Any CPU
	EndGlobalSection
	GlobalSection(ProjectConfigurationPlatforms) = postSolution
		{1C464820-966C-4D16-A280-256BBDC181E6}.Debug|Any CPU.ActiveCfg = Debug|Any CPU
		{1C464820-966C-4D16-A280-256BBDC181E6}.Debug|Any CPU.Build.0 = Debug|Any CPU
		{1C464820-966C-4D16-A280-256BBDC181E6}.Release|Any CPU.ActiveCfg = Release|Any CPU
		{1C464820-966C-4D16-A280-256BBDC181E6}.Release|Any CPU.Build.0 = Release|Any CPU
		{01B82BF6-F869-426D-8A5B-D6AECD5A1E2F}.Debug|Any CPU.ActiveCfg = Debug|Any CPU
		{01B82BF6-F869-426D-8A5B-D6AECD5A1E2F}.Debug|Any CPU.Build.0 = Debug|Any CPU
		{01B82BF6-F869-426D-8A5B-D6AECD5A1E2F}.Release|Any CPU.ActiveCfg = Release|Any CPU
		{01B82BF6-F869-426D-8A5B-D6AECD5A1E2F}.Release|Any CPU.Build.0 = Release|Any CPU
	EndGlobalSection
	GlobalSection(SolutionProperties) = preSolution
		HideSolutionNode = FALSE
	EndGlobalSection
	GlobalSection(ExtensibilityGlobals) = postSolution
		SolutionGuid = {49B26A4F-0529-43A7-A352-D5951219D412}
	EndGlobalSection
EndGlobal
