
Microsoft Visual Studio Solution File, Format Version 12.00
# Visual Studio Version 17
VisualStudioVersion = 17.10.35122.118
MinimumVisualStudioVersion = 10.0.40219.1
Project("{FAE04EC0-301F-11D3-BF4B-00C04F79EFBC}") = "lab7", "lab7\lab7.csproj", "{18DB41FD-103F-44E0-8812-D7475026508B}"
EndProject
Global
	GlobalSection(SolutionConfigurationPlatforms) = preSolution
		Debug|Any CPU = Debug|Any CPU
		Release|Any CPU = Release|Any CPU
	EndGlobalSection
	GlobalSection(ProjectConfigurationPlatforms) = postSolution
		{18DB41FD-103F-44E0-8812-D7475026508B}.Debug|Any CPU.ActiveCfg = Debug|Any CPU
		{18DB41FD-103F-44E0-8812-D7475026508B}.Debug|Any CPU.Build.0 = Debug|Any CPU
		{18DB41FD-103F-44E0-8812-D7475026508B}.Release|Any CPU.ActiveCfg = Release|Any CPU
		{18DB41FD-103F-44E0-8812-D7475026508B}.Release|Any CPU.Build.0 = Release|Any CPU
	EndGlobalSection
	GlobalSection(SolutionProperties) = preSolution
		HideSolutionNode = FALSE
	EndGlobalSection
	GlobalSection(ExtensibilityGlobals) = postSolution
		SolutionGuid = {1627DF1F-7EEF-4E46-B966-FC2140415B6B}
	EndGlobalSection
EndGlobal
